# THIS IS AN AUTOGENERATED FILE. DO NOT EDIT THIS FILE DIRECTLY.
# yarn lockfile v1


create-tamagui@^1.94.5:
  version "1.94.5"
  resolved "https://registry.yarnpkg.com/create-tamagui/-/create-tamagui-1.94.5.tgz#0376d79edd00420e3e81042914d6911db8405151"
  integrity sha512-Bd05dg3oUrUDQDaKfS8D/rmlAKFzP9UMm4Z/pEFZ+nwTRXGCz4P2RyBz3+ZCXs/TidcyPq8d0hRwjI3mTpHuSg==
